# This file is automatically @generated by Cargo.
# It is not intended for manual editing.
version = 4

[[package]]
name = "bml-compiler"
version = "0.1.0"

[[package]]
name = "bml-domain"
version = "0.1.0"

[[package]]
name = "bml-parser"
version = "0.1.0"

[[package]]
name = "bml-runtime"
version = "0.1.0"
